
Microsoft Visual Studio Solution File, Format Version 12.00
# Visual Studio 15
VisualStudioVersion = 15.0.28307.902
MinimumVisualStudioVersion = 10.0.40219.1
Project("{FAE04EC0-301F-11D3-BF4B-00C04F79EFBC}") = "AppCondominio", "AppCondominio\AppCondominio.csproj", "{AE76A8F6-86DF-4400-A420-5CC042B0CF69}"
EndProject
Global
	GlobalSection(SolutionConfigurationPlatforms) = preSolution
		Debug|Any CPU = Debug|Any CPU
		Release|Any CPU = Release|Any CPU
	EndGlobalSection
	GlobalSection(ProjectConfigurationPlatforms) = postSolution
		{AE76A8F6-86DF-4400-A420-5CC042B0CF69}.Debug|Any CPU.ActiveCfg = Debug|Any CPU
		{AE76A8F6-86DF-4400-A420-5CC042B0CF69}.Debug|Any CPU.Build.0 = Debug|Any CPU
		{AE76A8F6-86DF-4400-A420-5CC042B0CF69}.Release|Any CPU.ActiveCfg = Release|Any CPU
		{AE76A8F6-86DF-4400-A420-5CC042B0CF69}.Release|Any CPU.Build.0 = Release|Any CPU
	EndGlobalSection
	GlobalSection(SolutionProperties) = preSolution
		HideSolutionNode = FALSE
	EndGlobalSection
	GlobalSection(ExtensibilityGlobals) = postSolution
		SolutionGuid = {2E3C3B6B-6886-45C4-9E2C-C7F179614CA0}
	EndGlobalSection
EndGlobal
